
Microsoft Visual Studio Solution File, Format Version 12.00
# Visual Studio 15
VisualStudioVersion = 15.0.27703.2018
MinimumVisualStudioVersion = 10.0.40219.1
Project("{FAE04EC0-301F-11D3-BF4B-00C04F79EFBC}") = "HouseSelection.Utility", "HouseSelection.Utility\HouseSelection.Utility.csproj", "{01CB5072-4F9B-464A-B26A-D593F96F55A8}"
EndProject
Project("{FAE04EC0-301F-11D3-BF4B-00C04F79EFBC}") = "HouseSelection.LoggerHelper", "HouseSelection.LoggerHelper\HouseSelection.LoggerHelper.csproj", "{17EE0B7B-B9D2-4305-8CBA-2A334F1EF400}"
EndProject
Project("{FAE04EC0-301F-11D3-BF4B-00C04F79EFBC}") = "HouseSelection.NetworkHelper", "HouseSelection.NetworkHelper\HouseSelection.NetworkHelper.csproj", "{08E37CB8-0143-49DD-B1CA-CA6180AFFF0F}"
EndProject
Project("{FAE04EC0-301F-11D3-BF4B-00C04F79EFBC}") = "HouseSelection.PrivateAPI", "HouseSelection.PrivateAPI\HouseSelection.PrivateAPI.csproj", "{8A5499DE-F9BD-4ABA-8092-6FA2647788EF}"
EndProject
Project("{FAE04EC0-301F-11D3-BF4B-00C04F79EFBC}") = "HouseSelection.PublicAPI", "HouseSelection.PublicAPI\HouseSelection.PublicAPI.csproj", "{82B06B71-0B71-4296-9EB3-29EC01FCA334}"
EndProject
Project("{FAE04EC0-301F-11D3-BF4B-00C04F79EFBC}") = "HouseSelection.BLL", "HouseSelection.BLL\HouseSelection.BLL.csproj", "{D573EA1E-F5D7-44DD-823C-BFE9D6528A5A}"
EndProject
Project("{FAE04EC0-301F-11D3-BF4B-00C04F79EFBC}") = "HouseSelection.DAL", "HouseSelection.DAL\HouseSelection.DAL.csproj", "{05991DBC-EF8C-4CAB-AB57-E34A4E236E6C}"
EndProject
Project("{FAE04EC0-301F-11D3-BF4B-00C04F79EFBC}") = "HouseSelection.Model", "HouseSelection.Model\HouseSelection.Model.csproj", "{203005A8-A2C9-4702-90E9-5584BA6DFE4B}"
EndProject
Project("{FAE04EC0-301F-11D3-BF4B-00C04F79EFBC}") = "HouseSelection.Authorize", "HouseSelection.Authorize\HouseSelection.Authorize.csproj", "{5B7B8043-882D-44B8-AE65-C235D5637842}"
EndProject
Project("{FAE04EC0-301F-11D3-BF4B-00C04F79EFBC}") = "HouseSelection.Redis", "HouseSelection.Redis\HouseSelection.Redis.csproj", "{99ED9864-AFAD-4825-886A-1DE851413525}"
EndProject
Project("{2150E333-8FDC-42A3-9474-1A3956D46DE8}") = "SQL Script", "SQL Script", "{DCB09C17-3D4F-4F95-BB21-8D9427D8DE79}"
	ProjectSection(SolutionItems) = preProject
		SQL Script\Table.sql = SQL Script\Table.sql
	EndProjectSection
EndProject
Project("{FAE04EC0-301F-11D3-BF4B-00C04F79EFBC}") = "HouseSelection.Enum", "HouseSelection.Enum\HouseSelection.Enum.csproj", "{2C408E1B-0516-48B1-9617-8024800120B2}"
EndProject
Project("{2150E333-8FDC-42A3-9474-1A3956D46DE8}") = "Doc", "Doc", "{491E63CA-3436-4AC3-8F35-E63B3609FD10}"
	ProjectSection(SolutionItems) = preProject
		Doc\前端接口说明文档.xlsx = Doc\前端接口说明文档.xlsx
		Doc\接口说明文档.xlsx = Doc\接口说明文档.xlsx
		Doc\数据库表结构说明.xlsx = Doc\数据库表结构说明.xlsx
		Doc\现场选房接口说明.xlsx = Doc\现场选房接口说明.xlsx
	EndProjectSection
EndProject
Project("{FAE04EC0-301F-11D3-BF4B-00C04F79EFBC}") = "HouseSelection.FrontEndAPI", "HouseSelection.FrontEndAPI\HouseSelection.FrontEndAPI.csproj", "{A0EC6D8E-9AC4-4BE8-88F9-20119BA3835F}"
EndProject
Project("{FAE04EC0-301F-11D3-BF4B-00C04F79EFBC}") = "HouseSelection.UI", "HouseSelection.UI\HouseSelection.UI.csproj", "{98DF0BAB-4F05-48F8-9C26-884FAEAE1154}"
EndProject
Project("{FAE04EC0-301F-11D3-BF4B-00C04F79EFBC}") = "HouseSelection.Provider", "HouseSelection.Provider\HouseSelection.Provider.csproj", "{8B599EBC-B432-44F5-BCED-620CCC762816}"
EndProject
Project("{FAE04EC0-301F-11D3-BF4B-00C04F79EFBC}") = "HouseSelection.KeepAlive", "HouseSelection.KeepAlive\HouseSelection.KeepAlive.csproj", "{747A9A09-53AA-4948-B444-0C4A57FFFED5}"
EndProject
Global
	GlobalSection(SolutionConfigurationPlatforms) = preSolution
		Debug|Any CPU = Debug|Any CPU
		Release|Any CPU = Release|Any CPU
	EndGlobalSection
	GlobalSection(ProjectConfigurationPlatforms) = postSolution
		{01CB5072-4F9B-464A-B26A-D593F96F55A8}.Debug|Any CPU.ActiveCfg = Debug|Any CPU
		{01CB5072-4F9B-464A-B26A-D593F96F55A8}.Debug|Any CPU.Build.0 = Debug|Any CPU
		{01CB5072-4F9B-464A-B26A-D593F96F55A8}.Release|Any CPU.ActiveCfg = Release|Any CPU
		{01CB5072-4F9B-464A-B26A-D593F96F55A8}.Release|Any CPU.Build.0 = Release|Any CPU
		{17EE0B7B-B9D2-4305-8CBA-2A334F1EF400}.Debug|Any CPU.ActiveCfg = Debug|Any CPU
		{17EE0B7B-B9D2-4305-8CBA-2A334F1EF400}.Debug|Any CPU.Build.0 = Debug|Any CPU
		{17EE0B7B-B9D2-4305-8CBA-2A334F1EF400}.Release|Any CPU.ActiveCfg = Release|Any CPU
		{17EE0B7B-B9D2-4305-8CBA-2A334F1EF400}.Release|Any CPU.Build.0 = Release|Any CPU
		{08E37CB8-0143-49DD-B1CA-CA6180AFFF0F}.Debug|Any CPU.ActiveCfg = Debug|Any CPU
		{08E37CB8-0143-49DD-B1CA-CA6180AFFF0F}.Debug|Any CPU.Build.0 = Debug|Any CPU
		{08E37CB8-0143-49DD-B1CA-CA6180AFFF0F}.Release|Any CPU.ActiveCfg = Release|Any CPU
		{08E37CB8-0143-49DD-B1CA-CA6180AFFF0F}.Release|Any CPU.Build.0 = Release|Any CPU
		{8A5499DE-F9BD-4ABA-8092-6FA2647788EF}.Debug|Any CPU.ActiveCfg = Debug|Any CPU
		{8A5499DE-F9BD-4ABA-8092-6FA2647788EF}.Debug|Any CPU.Build.0 = Debug|Any CPU
		{8A5499DE-F9BD-4ABA-8092-6FA2647788EF}.Release|Any CPU.ActiveCfg = Release|Any CPU
		{8A5499DE-F9BD-4ABA-8092-6FA2647788EF}.Release|Any CPU.Build.0 = Release|Any CPU
		{82B06B71-0B71-4296-9EB3-29EC01FCA334}.Debug|Any CPU.ActiveCfg = Debug|Any CPU
		{82B06B71-0B71-4296-9EB3-29EC01FCA334}.Debug|Any CPU.Build.0 = Debug|Any CPU
		{82B06B71-0B71-4296-9EB3-29EC01FCA334}.Release|Any CPU.ActiveCfg = Release|Any CPU
		{82B06B71-0B71-4296-9EB3-29EC01FCA334}.Release|Any CPU.Build.0 = Release|Any CPU
		{D573EA1E-F5D7-44DD-823C-BFE9D6528A5A}.Debug|Any CPU.ActiveCfg = Debug|Any CPU
		{D573EA1E-F5D7-44DD-823C-BFE9D6528A5A}.Debug|Any CPU.Build.0 = Debug|Any CPU
		{D573EA1E-F5D7-44DD-823C-BFE9D6528A5A}.Release|Any CPU.ActiveCfg = Release|Any CPU
		{D573EA1E-F5D7-44DD-823C-BFE9D6528A5A}.Release|Any CPU.Build.0 = Release|Any CPU
		{05991DBC-EF8C-4CAB-AB57-E34A4E236E6C}.Debug|Any CPU.ActiveCfg = Debug|Any CPU
		{05991DBC-EF8C-4CAB-AB57-E34A4E236E6C}.Debug|Any CPU.Build.0 = Debug|Any CPU
		{05991DBC-EF8C-4CAB-AB57-E34A4E236E6C}.Release|Any CPU.ActiveCfg = Release|Any CPU
		{05991DBC-EF8C-4CAB-AB57-E34A4E236E6C}.Release|Any CPU.Build.0 = Release|Any CPU
		{203005A8-A2C9-4702-90E9-5584BA6DFE4B}.Debug|Any CPU.ActiveCfg = Debug|Any CPU
		{203005A8-A2C9-4702-90E9-5584BA6DFE4B}.Debug|Any CPU.Build.0 = Debug|Any CPU
		{203005A8-A2C9-4702-90E9-5584BA6DFE4B}.Release|Any CPU.ActiveCfg = Release|Any CPU
		{203005A8-A2C9-4702-90E9-5584BA6DFE4B}.Release|Any CPU.Build.0 = Release|Any CPU
		{5B7B8043-882D-44B8-AE65-C235D5637842}.Debug|Any CPU.ActiveCfg = Debug|Any CPU
		{5B7B8043-882D-44B8-AE65-C235D5637842}.Debug|Any CPU.Build.0 = Debug|Any CPU
		{5B7B8043-882D-44B8-AE65-C235D5637842}.Release|Any CPU.ActiveCfg = Release|Any CPU
		{5B7B8043-882D-44B8-AE65-C235D5637842}.Release|Any CPU.Build.0 = Release|Any CPU
		{99ED9864-AFAD-4825-886A-1DE851413525}.Debug|Any CPU.ActiveCfg = Debug|Any CPU
		{99ED9864-AFAD-4825-886A-1DE851413525}.Debug|Any CPU.Build.0 = Debug|Any CPU
		{99ED9864-AFAD-4825-886A-1DE851413525}.Release|Any CPU.ActiveCfg = Release|Any CPU
		{99ED9864-AFAD-4825-886A-1DE851413525}.Release|Any CPU.Build.0 = Release|Any CPU
		{2C408E1B-0516-48B1-9617-8024800120B2}.Debug|Any CPU.ActiveCfg = Debug|Any CPU
		{2C408E1B-0516-48B1-9617-8024800120B2}.Debug|Any CPU.Build.0 = Debug|Any CPU
		{2C408E1B-0516-48B1-9617-8024800120B2}.Release|Any CPU.ActiveCfg = Release|Any CPU
		{2C408E1B-0516-48B1-9617-8024800120B2}.Release|Any CPU.Build.0 = Release|Any CPU
		{A0EC6D8E-9AC4-4BE8-88F9-20119BA3835F}.Debug|Any CPU.ActiveCfg = Debug|Any CPU
		{A0EC6D8E-9AC4-4BE8-88F9-20119BA3835F}.Debug|Any CPU.Build.0 = Debug|Any CPU
		{A0EC6D8E-9AC4-4BE8-88F9-20119BA3835F}.Release|Any CPU.ActiveCfg = Release|Any CPU
		{A0EC6D8E-9AC4-4BE8-88F9-20119BA3835F}.Release|Any CPU.Build.0 = Release|Any CPU
		{98DF0BAB-4F05-48F8-9C26-884FAEAE1154}.Debug|Any CPU.ActiveCfg = Debug|Any CPU
		{98DF0BAB-4F05-48F8-9C26-884FAEAE1154}.Debug|Any CPU.Build.0 = Debug|Any CPU
		{98DF0BAB-4F05-48F8-9C26-884FAEAE1154}.Release|Any CPU.ActiveCfg = Release|Any CPU
		{98DF0BAB-4F05-48F8-9C26-884FAEAE1154}.Release|Any CPU.Build.0 = Release|Any CPU
		{8B599EBC-B432-44F5-BCED-620CCC762816}.Debug|Any CPU.ActiveCfg = Debug|Any CPU
		{8B599EBC-B432-44F5-BCED-620CCC762816}.Debug|Any CPU.Build.0 = Debug|Any CPU
		{8B599EBC-B432-44F5-BCED-620CCC762816}.Release|Any CPU.ActiveCfg = Release|Any CPU
		{8B599EBC-B432-44F5-BCED-620CCC762816}.Release|Any CPU.Build.0 = Release|Any CPU
		{747A9A09-53AA-4948-B444-0C4A57FFFED5}.Debug|Any CPU.ActiveCfg = Debug|Any CPU
		{747A9A09-53AA-4948-B444-0C4A57FFFED5}.Debug|Any CPU.Build.0 = Debug|Any CPU
		{747A9A09-53AA-4948-B444-0C4A57FFFED5}.Release|Any CPU.ActiveCfg = Release|Any CPU
		{747A9A09-53AA-4948-B444-0C4A57FFFED5}.Release|Any CPU.Build.0 = Release|Any CPU
	EndGlobalSection
	GlobalSection(SolutionProperties) = preSolution
		HideSolutionNode = FALSE
	EndGlobalSection
	GlobalSection(ExtensibilityGlobals) = postSolution
		SolutionGuid = {A70922DB-40B3-4AB6-B5DE-953CF36F8348}
	EndGlobalSection
EndGlobal
